
Microsoft Visual Studio Solution File, Format Version 12.00
# Visual Studio 15
VisualStudioVersion = 15.0.27703.2026
MinimumVisualStudioVersion = 10.0.40219.1
Project("{8BC9CEB8-8B4A-11D0-8D11-00A0C91BC942}") = "prims", "prims\prims.vcxproj", "{769E78DF-5D9C-4F07-9800-FC3FFA9A1D42}"
EndProject
Project("{2150E333-8FDC-42A3-9474-1A3956D46DE8}") = "Solution Items", "Solution Items", "{EA258552-E836-40AA-B4EF-2C39ACAED632}"
	ProjectSection(SolutionItems) = preProject
		TextFile1.txt = TextFile1.txt
	EndProjectSection
EndProject
Global
	GlobalSection(SolutionConfigurationPlatforms) = preSolution
		Debug|x64 = Debug|x64
		Debug|x86 = Debug|x86
		Release|x64 = Release|x64
		Release|x86 = Release|x86
	EndGlobalSection
	GlobalSection(ProjectConfigurationPlatforms) = postSolution
		{769E78DF-5D9C-4F07-9800-FC3FFA9A1D42}.Debug|x64.ActiveCfg = Debug|x64
		{769E78DF-5D9C-4F07-9800-FC3FFA9A1D42}.Debug|x64.Build.0 = Debug|x64
		{769E78DF-5D9C-4F07-9800-FC3FFA9A1D42}.Debug|x86.ActiveCfg = Debug|Win32
		{769E78DF-5D9C-4F07-9800-FC3FFA9A1D42}.Debug|x86.Build.0 = Debug|Win32
		{769E78DF-5D9C-4F07-9800-FC3FFA9A1D42}.Release|x64.ActiveCfg = Release|x64
		{769E78DF-5D9C-4F07-9800-FC3FFA9A1D42}.Release|x64.Build.0 = Release|x64
		{769E78DF-5D9C-4F07-9800-FC3FFA9A1D42}.Release|x86.ActiveCfg = Release|Win32
		{769E78DF-5D9C-4F07-9800-FC3FFA9A1D42}.Release|x86.Build.0 = Release|Win32
	EndGlobalSection
	GlobalSection(SolutionProperties) = preSolution
		HideSolutionNode = FALSE
	EndGlobalSection
	GlobalSection(ExtensibilityGlobals) = postSolution
		SolutionGuid = {A2DB1B0C-D609-4765-BBCF-FD023160BFA2}
	EndGlobalSection
EndGlobal
